Microsoft Visual Studio Solution File, Format Version 8.00
Project("{8BC9CEB8-8B4A-11D0-8D11-00A0C91BC942}") = "IO", "IO_VS71.vcproj", "{3E9A4C7A-A8B1-49B7-964E-463C63ED42F1}"
	ProjectSection(ProjectDependencies) = postProject
	EndProjectSection
EndProject
Project("{8BC9CEB8-8B4A-11D0-8D11-00A0C91BC942}") = "TestSuite", "testsuite\TestSuite_VS71.vcproj", "{B6E34FDD-B2F6-45FD-B93F-44EAD8497877}"
	ProjectSection(ProjectDependencies) = postProject
		{3E9A4C7A-A8B1-49B7-964E-463C63ED42F1} = {3E9A4C7A-A8B1-49B7-964E-463C63ED42F1}
	EndProjectSection
	ProjectSection(ProjectDependencies) = postProject
		{3e9a4c7a-a8b1-49b7-964e-463c63ed42f1} = {3e9a4c7a-a8b1-49b7-964e-463c63ed42f1}
	EndProjectSection
EndProject
Global
	GlobalSection(SolutionConfiguration) = preSolution
		debug_shared = debug_shared
		release_shared = release_shared
	EndGlobalSection
	GlobalSection(ProjectConfiguration) = postSolution
		{3E9A4C7A-A8B1-49B7-964E-463C63ED42F1}.debug_shared.ActiveCfg = debug_shared|Win32
		{3E9A4C7A-A8B1-49B7-964E-463C63ED42F1}.release_shared.ActiveCfg = release_shared|Win32
		{B6E34FDD-B2F6-45FD-B93F-44EAD8497877}.debug_shared.ActiveCfg = debug_shared|Win32
		{B6E34FDD-B2F6-45FD-B93F-44EAD8497877}.debug_shared.Build.0 = debug_shared|Win32
		{B6E34FDD-B2F6-45FD-B93F-44EAD8497877}.release_shared.ActiveCfg = release_shared|Win32
		{B6E34FDD-B2F6-45FD-B93F-44EAD8497877}.release_shared.Build.0 = release_shared|Win32
	EndGlobalSection
	GlobalSection(ExtensibilityGlobals) = postSolution
	EndGlobalSection
	GlobalSection(ExtensibilityAddIns) = postSolution
	EndGlobalSection
EndGlobal
