<?xml version="1.0" encoding="utf-8"?>
<Project ToolsVersion="4.0" xmlns="http://schemas.microsoft.com/developer/msbuild/2003">
  <ItemGroup>
    <Filter Include="SerialCore">
      <UniqueIdentifier>{6d3b8974-4583-4c08-9e29-ace287536815}</UniqueIdentifier>
    </Filter>
    <Filter Include="SerialCore\Header Files">
      <UniqueIdentifier>{f8d5577c-4b71-4196-8329-d097375f242d}</UniqueIdentifier>
    </Filter>
    <Filter Include="SerialCore\Source Files">
      <UniqueIdentifier>{abdb3a8a-705a-44f3-8e5a-dce38209adc6}</UniqueIdentifier>
    </Filter>
    <Filter Include="Serial">
      <UniqueIdentifier>{a384c3ba-ec85-49c3-b206-c6228284f4a5}</UniqueIdentifier>
    </Filter>
    <Filter Include="Serial\Header Files">
      <UniqueIdentifier>{3c79df62-004d-4f48-b034-12e39d6eb697}</UniqueIdentifier>
    </Filter>
    <Filter Include="Serial\Source Files">
      <UniqueIdentifier>{1ab2cbb9-a5d0-4c20-91a6-2e0d359b8615}</UniqueIdentifier>
    </Filter>
  </ItemGroup>
  <ItemGroup>
    <ClInclude Include="include\Poco\DeviceIO\Serial\Serial.h">
      <Filter>SerialCore\Header Files</Filter>
    </ClInclude>
    <ClInclude Include="include\Poco\DeviceIO\Serial\SerialChannel.h">
      <Filter>Serial\Header Files</Filter>
    </ClInclude>
    <ClInclude Include="include\Poco\DeviceIO\Serial\SerialChannel_POSIX.h">
      <Filter>Serial\Header Files</Filter>
    </ClInclude>
    <ClInclude Include="include\Poco\DeviceIO\Serial\SerialChannel_WIN32.h">
      <Filter>Serial\Header Files</Filter>
    </ClInclude>
    <ClInclude Include="include\Poco\DeviceIO\Serial\SerialChannel_WIN32U.h">
      <Filter>Serial\Header Files</Filter>
    </ClInclude>
    <ClInclude Include="include\Poco\DeviceIO\Serial\SerialConfig.h">
      <Filter>Serial\Header Files</Filter>
    </ClInclude>
    <ClInclude Include="include\Poco\DeviceIO\Serial\SerialConfig_POSIX.h">
      <Filter>Serial\Header Files</Filter>
    </ClInclude>
    <ClInclude Include="include\Poco\DeviceIO\Serial\SerialConfig_WIN32.h">
      <Filter>Serial\Header Files</Filter>
    </ClInclude>
  </ItemGroup>
  <ItemGroup>
    <ClCompile Include="src\SerialChannel.cpp">
      <Filter>Serial\Source Files</Filter>
    </ClCompile>
    <ClCompile Include="src\SerialChannel_POSIX.cpp">
      <Filter>Serial\Source Files</Filter>
    </ClCompile>
    <ClCompile Include="src\SerialChannel_WIN32.cpp">
      <Filter>Serial\Source Files</Filter>
    </ClCompile>
    <ClCompile Include="src\SerialChannel_WIN32U.cpp">
      <Filter>Serial\Source Files</Filter>
    </ClCompile>
    <ClCompile Include="src\SerialConfig.cpp">
      <Filter>Serial\Source Files</Filter>
    </ClCompile>
    <ClCompile Include="src\SerialConfig_POSIX.cpp">
      <Filter>Serial\Source Files</Filter>
    </ClCompile>
    <ClCompile Include="src\SerialConfig_WIN32.cpp">
      <Filter>Serial\Source Files</Filter>
    </ClCompile>
  </ItemGroup>
</Project>